# THIS IS AN AUTOGENERATED FILE. DO NOT EDIT THIS FILE DIRECTLY.
# yarn lockfile v1


fastclick@^1.0.6:
  version "1.0.6"
  resolved "https://registry.npm.taobao.org/fastclick/download/fastclick-1.0.6.tgz#161625b27b1a5806405936bda9a2c1926d06be6a"
  integrity sha1-FhYlsnsaWAZAWTa9qaLBkm0Gvmo=

html5shiv@^3.7.3:
  version "3.7.3"
  resolved "https://registry.npm.taobao.org/html5shiv/download/html5shiv-3.7.3.tgz#d78a84a367bcb9a710100d57802c387b084631d2"
  integrity sha1-14qEo2e8uacQEA1XgCw4ewhGMdI=
